// !$*UTF8*$!
{
	archiveVersion = 1;
	classes = {
	};
	objectVersion = 50;
	objects = {

/* Begin PBXBuildFile section */
		1917B84B20D0CB8E0025FBFA /* CustomCollectionViewCell.swift in Sources */ = {isa = PBXBuildFile; fileRef = 1917B84A20D0CB8E0025FBFA /* CustomCollectionViewCell.swift */; };
		1917B84D20D0F0920025FBFA /* DetailViewController.swift in Sources */ = {isa = PBXBuildFile; fileRef = 1917B84C20D0F0920025FBFA /* DetailViewController.swift */; };
		193C94E420CFB9AA004FCE7F /* AppDelegate.swift in Sources */ = {isa = PBXBuildFile; fileRef = 193C94E320CFB9AA004FCE7F /* AppDelegate.swift */; };
		193C94E620CFB9AA004FCE7F /* ViewController.swift in Sources */ = {isa = PBXBuildFile; fileRef = 193C94E520CFB9AA004FCE7F /* ViewController.swift */; };
		193C94E920CFB9AA004FCE7F /* Main.storyboard in Resources */ = {isa = PBXBuildFile; fileRef = 193C94E720CFB9AA004FCE7F /* Main.storyboard */; };
		193C94EB20CFB9AC004FCE7F /* Assets.xcassets in Resources */ = {isa = PBXBuildFile; fileRef = 193C94EA20CFB9AC004FCE7F /* Assets.xcassets */; };
		193C94EE20CFB9AC004FCE7F /* LaunchScreen.storyboard in Resources */ = {isa = PBXBuildFile; fileRef = 193C94EC20CFB9AC004FCE7F /* LaunchScreen.storyboard */; };
/* End PBXBuildFile section */

/* Begin PBXFileReference section */
		1917B84A20D0CB8E0025FBFA /* CustomCollectionViewCell.swift */ = {isa = PBXFileReference; lastKnownFileType = sourcecode.swift; path = CustomCollectionViewCell.swift; sourceTree = "<group>"; };
		1917B84C20D0F0920025FBFA /* DetailViewController.swift */ = {isa = PBXFileReference; lastKnownFileType = sourcecode.swift; path = DetailViewController.swift; sourceTree = "<group>"; };
		193C94E020CFB9AA004FCE7F /* CanadaApp.app */ = {isa = PBXFileReference; explicitFileType = wrapper.application; includeInIndex = 0; path = CanadaApp.app; sourceTree = BUILT_PRODUCTS_DIR; };
		193C94E320CFB9AA004FCE7F /* AppDelegate.swift */ = {isa = PBXFileReference; lastKnownFileType = sourcecode.swift; path = AppDelegate.swift; sourceTree = "<group>"; };
		193C94E520CFB9AA004FCE7F /* ViewController.swift */ = {isa = PBXFileReference; lastKnownFileType = sourcecode.swift; path = ViewController.swift; sourceTree = "<group>"; };
		193C94E820CFB9AA004FCE7F /* Base */ = {isa = PBXFileReference; lastKnownFileType = file.storyboard; name = Base; path = Base.lproj/Main.storyboard; sourceTree = "<group>"; };
		193C94EA20CFB9AC004FCE7F /* Assets.xcassets */ = {isa = PBXFileReference; lastKnownFileType = folder.assetcatalog; path = Assets.xcassets; sourceTree = "<group>"; };
		193C94ED20CFB9AC004FCE7F /* Base */ = {isa = PBXFileReference; lastKnownFileType = file.storyboard; name = Base; path = Base.lproj/LaunchScreen.storyboard; sourceTree = "<group>"; };
		193C94EF20CFB9AC004FCE7F /* Info.plist */ = {isa = PBXFileReference; lastKnownFileType = text.plist.xml; path = Info.plist; sourceTree = "<group>"; };
/* End PBXFileReference section */

/* Begin PBXFrameworksBuildPhase section */
		193C94DD20CFB9AA004FCE7F /* Frameworks */ = {
			isa = PBXFrameworksBuildPhase;
			buildActionMask = 2147483647;
			files = (
			);
			runOnlyForDeploymentPostprocessing = 0;
		};
/* End PBXFrameworksBuildPhase section */

/* Begin PBXGroup section */
		193C94D720CFB9AA004FCE7F = {
			isa = PBXGroup;
			children = (
				193C94E220CFB9AA004FCE7F /* CanadaApp */,
				193C94E120CFB9AA004FCE7F /* Products */,
			);
			sourceTree = "<group>";
		};
		193C94E120CFB9AA004FCE7F /* Products */ = {
			isa = PBXGroup;
			children = (
				193C94E020CFB9AA004FCE7F /* CanadaApp.app */,
			);
			name = Products;
			sourceTree = "<group>";
		};
		193C94E220CFB9AA004FCE7F /* CanadaApp */ = {
			isa = PBXGroup;
			children = (
				193C94E320CFB9AA004FCE7F /* AppDelegate.swift */,
				193C94E520CFB9AA004FCE7F /* ViewController.swift */,
				1917B84C20D0F0920025FBFA /* DetailViewController.swift */,
				1917B84A20D0CB8E0025FBFA /* CustomCollectionViewCell.swift */,
				193C94E720CFB9AA004FCE7F /* Main.storyboard */,
				193C94EA20CFB9AC004FCE7F /* Assets.xcassets */,
				193C94EC20CFB9AC004FCE7F /* LaunchScreen.storyboard */,
				193C94EF20CFB9AC004FCE7F /* Info.plist */,
			);
			path = CanadaApp;
			sourceTree = "<group>";
		};
/* End PBXGroup section */

/* Begin PBXNativeTarget section */
		193C94DF20CFB9AA004FCE7F /* CanadaApp */ = {
			isa = PBXNativeTarget;
			buildConfigurationList = 193C94F220CFB9AC004FCE7F /* Build configuration list for PBXNativeTarget "CanadaApp" */;
			buildPhases = (
				193C94DC20CFB9AA004FCE7F /* Sources */,
				193C94DD20CFB9AA004FCE7F /* Frameworks */,
				193C94DE20CFB9AA004FCE7F /* Resources */,
			);
			buildRules = (
			);
			dependencies = (
			);
			name = CanadaApp;
			productName = CanadaApp;
			productReference = 193C94E020CFB9AA004FCE7F /* CanadaApp.app */;
			productType = "com.apple.product-type.application";
		};
/* End PBXNativeTarget section */

/* Begin PBXProject section */
		193C94D820CFB9AA004FCE7F /* Project object */ = {
			isa = PBXProject;
			attributes = {
				LastSwiftUpdateCheck = 0940;
				LastUpgradeCheck = 0940;
				ORGANIZATIONNAME = "Björn Kaczmarek";
				TargetAttributes = {
					193C94DF20CFB9AA004FCE7F = {
						CreatedOnToolsVersion = 9.4;
					};
				};
			};
			buildConfigurationList = 193C94DB20CFB9AA004FCE7F /* Build configuration list for PBXProject "CanadaApp" */;
			compatibilityVersion = "Xcode 9.3";
			developmentRegion = en;
			hasScannedForEncodings = 0;
			knownRegions = (
				en,
				Base,
			);
			mainGroup = 193C94D720CFB9AA004FCE7F;
			productRefGroup = 193C94E120CFB9AA004FCE7F /* Products */;
			projectDirPath = "";
			projectRoot = "";
			targets = (
				193C94DF20CFB9AA004FCE7F /* CanadaApp */,
			);
		};
/* End PBXProject section */

/* Begin PBXResourcesBuildPhase section */
		193C94DE20CFB9AA004FCE7F /* Resources */ = {
			isa = PBXResourcesBuildPhase;
			buildActionMask = 2147483647;
			files = (
				193C94EE20CFB9AC004FCE7F /* LaunchScreen.storyboard in Resources */,
				193C94EB20CFB9AC004FCE7F /* Assets.xcassets in Resources */,
				193C94E920CFB9AA004FCE7F /* Main.storyboard in Resources */,
			);
			runOnlyForDeploymentPostprocessing = 0;
		};
/* End PBXResourcesBuildPhase section */

/* Begin PBXSourcesBuildPhase section */
		193C94DC20CFB9AA004FCE7F /* Sources */ = {
			isa = PBXSourcesBuildPhase;
			buildActionMask = 2147483647;
			files = (
				193C94E620CFB9AA004FCE7F /* ViewController.swift in Sources */,
				1917B84B20D0CB8E0025FBFA /* CustomCollectionViewCell.swift in Sources */,
				193C94E420CFB9AA004FCE7F /* AppDelegate.swift in Sources */,
				1917B84D20D0F0920025FBFA /* DetailViewController.swift in Sources */,
			);
			runOnlyForDeploymentPostprocessing = 0;
		};
/* End PBXSourcesBuildPhase section */

/* Begin PBXVariantGroup section */
		193C94E720CFB9AA004FCE7F /* Main.storyboard */ = {
			isa = PBXVariantGroup;
			children = (
				193C94E820CFB9AA004FCE7F /* Base */,
			);
			name = Main.storyboard;
			sourceTree = "<group>";
		};
		193C94EC20CFB9AC004FCE7F /* LaunchScreen.storyboard */ = {
			isa = PBXVariantGroup;
			children = (
				193C94ED20CFB9AC004FCE7F /* Base */,
			);
			name = LaunchScreen.storyboard;
			sourceTree = "<group>";
		};
/* End PBXVariantGroup section */

/* Begin XCBuildConfiguration section */
		193C94F020CFB9AC004FCE7F /* Debug */ = {
			isa = XCBuildConfiguration;
			buildSettings = {
				ALWAYS_SEARCH_USER_PATHS = NO;
				CLANG_ANALYZER_NONNULL = YES;
				CLANG_ANALYZER_NUMBER_OBJECT_CONVERSION = YES_AGGRESSIVE;
				CLANG_CXX_LANGUAGE_STANDARD = "gnu++14";
				CLANG_CXX_LIBRARY = "libc++";
				CLANG_ENABLE_MODULES = YES;
				CLANG_ENABLE_OBJC_ARC = YES;
				CLANG_ENABLE_OBJC_WEAK = YES;
				CLANG_WARN_BLOCK_CAPTURE_AUTORELEASING = YES;
				CLANG_WARN_BOOL_CONVERSION = YES;
				CLANG_WARN_COMMA = YES;
				CLANG_WARN_CONSTANT_CONVERSION = YES;
				CLANG_WARN_DEPRECATED_OBJC_IMPLEMENTATIONS = YES;
				CLANG_WARN_DIRECT_OBJC_ISA_USAGE = YES_ERROR;
				CLANG_WARN_DOCUMENTATION_COMMENTS = YES;
				CLANG_WARN_EMPTY_BODY = YES;
				CLANG_WARN_ENUM_CONVERSION = YES;
				CLANG_WARN_INFINITE_RECURSION = YES;
				CLANG_WARN_INT_CONVERSION = YES;
				CLANG_WARN_NON_LITERAL_NULL_CONVERSION = YES;
				CLANG_WARN_OBJC_IMPLICIT_RETAIN_SELF = YES;
				CLANG_WARN_OBJC_LITERAL_CONVERSION = YES;
				CLANG_WARN_OBJC_ROOT_CLASS = YES_ERROR;
				CLANG_WARN_RANGE_LOOP_ANALYSIS = YES;
				CLANG_WARN_STRICT_PROTOTYPES = YES;
				CLANG_WARN_SUSPICIOUS_MOVE = YES;
				CLANG_WARN_UNGUARDED_AVAILABILITY = YES_AGGRESSIVE;
				CLANG_WARN_UNREACHABLE_CODE = YES;
				CLANG_WARN__DUPLICATE_METHOD_MATCH = YES;
				CODE_SIGN_IDENTITY = "iPhone Developer";
				COPY_PHASE_STRIP = NO;
				DEBUG_INFORMATION_FORMAT = dwarf;
				ENABLE_STRICT_OBJC_MSGSEND = YES;
				ENABLE_TESTABILITY = YES;
				GCC_C_LANGUAGE_STANDARD = gnu11;
				GCC_DYNAMIC_NO_PIC = NO;
				GCC_NO_COMMON_BLOCKS = YES;
				GCC_OPTIMIZATION_LEVEL = 0;
				GCC_PREPROCESSOR_DEFINITIONS = (
					"DEBUG=1",
					"$(inherited)",
				);
				GCC_WARN_64_TO_32_BIT_CONVERSION = YES;
				GCC_WARN_ABOUT_RETURN_TYPE = YES_ERROR;
				GCC_WARN_UNDECLARED_SELECTOR = YES;
				GCC_WARN_UNINITIALIZED_AUTOS = YES_AGGRESSIVE;
				GCC_WARN_UNUSED_FUNCTION = YES;
				GCC_WARN_UNUSED_VARIABLE = YES;
				IPHONEOS_DEPLOYMENT_TARGET = 11.4;
				MTL_ENABLE_DEBUG_INFO = YES;
				ONLY_ACTIVE_ARCH = YES;
				SDKROOT = iphoneos;
				SWIFT_ACTIVE_COMPILATION_CONDITIONS = DEBUG;
				SWIFT_OPTIMIZATION_LEVEL = "-Onone";
			};
			name = Debug;
		};
		193C94F120CFB9AC004FCE7F /* Release */ = {
			isa = XCBuildConfiguration;
			buildSettings = {
				ALWAYS_SEARCH_USER_PATHS = NO;
				CLANG_ANALYZER_NONNULL = YES;
				CLANG_ANALYZER_NUMBER_OBJECT_CONVERSION = YES_AGGRESSIVE;
				CLANG_CXX_LANGUAGE_STANDARD = "gnu++14";
				CLANG_CXX_LIBRARY = "libc++";
				CLANG_ENABLE_MODULES = YES;
				CLANG_ENABLE_OBJC_ARC = YES;
				CLANG_ENABLE_OBJC_WEAK = YES;
				CLANG_WARN_BLOCK_CAPTURE_AUTORELEASING = YES;
				CLANG_WARN_BOOL_CONVERSION = YES;
				CLANG_WARN_COMMA = YES;
				CLANG_WARN_CONSTANT_CONVERSION = YES;
				CLANG_WARN_DEPRECATED_OBJC_IMPLEMENTATIONS = YES;
				CLANG_WARN_DIRECT_OBJC_ISA_USAGE = YES_ERROR;
				CLANG_WARN_DOCUMENTATION_COMMENTS = YES;
				CLANG_WARN_EMPTY_BODY = YES;
				CLANG_WARN_ENUM_CONVERSION = YES;
				CLANG_WARN_INFINITE_RECURSION = YES;
				CLANG_WARN_INT_CONVERSION = YES;
				CLANG_WARN_NON_LITERAL_NULL_CONVERSION = YES;
				CLANG_WARN_OBJC_IMPLICIT_RETAIN_SELF = YES;
				CLANG_WARN_OBJC_LITERAL_CONVERSION = YES;
				CLANG_WARN_OBJC_ROOT_CLASS = YES_ERROR;
				CLANG_WARN_RANGE_LOOP_ANALYSIS = YES;
				CLANG_WARN_STRICT_PROTOTYPES = YES;
				CLANG_WARN_SUSPICIOUS_MOVE = YES;
				CLANG_WARN_UNGUARDED_AVAILABILITY = YES_AGGRESSIVE;
				CLANG_WARN_UNREACHABLE_CODE = YES;
				CLANG_WARN__DUPLICATE_METHOD_MATCH = YES;
				CODE_SIGN_IDENTITY = "iPhone Developer";
				COPY_PHASE_STRIP = NO;
				DEBUG_INFORMATION_FORMAT = "dwarf-with-dsym";
				ENABLE_NS_ASSERTIONS = NO;
				ENABLE_STRICT_OBJC_MSGSEND = YES;
				GCC_C_LANGUAGE_STANDARD = gnu11;
				GCC_NO_COMMON_BLOCKS = YES;
				GCC_WARN_64_TO_32_BIT_CONVERSION = YES;
				GCC_WARN_ABOUT_RETURN_TYPE = YES_ERROR;
				GCC_WARN_UNDECLARED_SELECTOR = YES;
				GCC_WARN_UNINITIALIZED_AUTOS = YES_AGGRESSIVE;
				GCC_WARN_UNUSED_FUNCTION = YES;
				GCC_WARN_UNUSED_VARIABLE = YES;
				IPHONEOS_DEPLOYMENT_TARGET = 11.4;
				MTL_ENABLE_DEBUG_INFO = NO;
				SDKROOT = iphoneos;
				SWIFT_COMPILATION_MODE = wholemodule;
				SWIFT_OPTIMIZATION_LEVEL = "-O";
				VALIDATE_PRODUCT = YES;
			};
			name = Release;
		};
		193C94F320CFB9AC004FCE7F /* Debug */ = {
			isa = XCBuildConfiguration;
			buildSettings = {
				ASSETCATALOG_COMPILER_APPICON_NAME = AppIcon;
				CODE_SIGN_STYLE = Automatic;
				DEVELOPMENT_TEAM = QF753U2942;
				INFOPLIST_FILE = CanadaApp/Info.plist;
				LD_RUNPATH_SEARCH_PATHS = (
					"$(inherited)",
					"@executable_path/Frameworks",
				);
				PRODUCT_BUNDLE_IDENTIFIER = de.bkaczmar.CanadaApp;
				PRODUCT_NAME = "$(TARGET_NAME)";
				SWIFT_VERSION = 4.0;
				TARGETED_DEVICE_FAMILY = "1,2";
			};
			name = Debug;
		};
		193C94F420CFB9AC004FCE7F /* Release */ = {
			isa = XCBuildConfiguration;
			buildSettings = {
				ASSETCATALOG_COMPILER_APPICON_NAME = AppIcon;
				CODE_SIGN_STYLE = Automatic;
				DEVELOPMENT_TEAM = QF753U2942;
				INFOPLIST_FILE = CanadaApp/Info.plist;
				LD_RUNPATH_SEARCH_PATHS = (
					"$(inherited)",
					"@executable_path/Frameworks",
				);
				PRODUCT_BUNDLE_IDENTIFIER = de.bkaczmar.CanadaApp;
				PRODUCT_NAME = "$(TARGET_NAME)";
				SWIFT_VERSION = 4.0;
				TARGETED_DEVICE_FAMILY = "1,2";
			};
			name = Release;
		};
/* End XCBuildConfiguration section */

/* Begin XCConfigurationList section */
		193C94DB20CFB9AA004FCE7F /* Build configuration list for PBXProject "CanadaApp" */ = {
			isa = XCConfigurationList;
			buildConfigurations = (
				193C94F020CFB9AC004FCE7F /* Debug */,
				193C94F120CFB9AC004FCE7F /* Release */,
			);
			defaultConfigurationIsVisible = 0;
			defaultConfigurationName = Release;
		};
		193C94F220CFB9AC004FCE7F /* Build configuration list for PBXNativeTarget "CanadaApp" */ = {
			isa = XCConfigurationList;
			buildConfigurations = (
				193C94F320CFB9AC004FCE7F /* Debug */,
				193C94F420CFB9AC004FCE7F /* Release */,
			);
			defaultConfigurationIsVisible = 0;
			defaultConfigurationName = Release;
		};
/* End XCConfigurationList section */
	};
	rootObject = 193C94D820CFB9AA004FCE7F /* Project object */;
}
